
Microsoft Visual Studio Solution File, Format Version 12.00
# Visual Studio Version 16
VisualStudioVersion = 16.0.29920.165
MinimumVisualStudioVersion = 10.0.40219.1
Project("{FAE04EC0-301F-11D3-BF4B-00C04F79EFBC}") = "testandogithub", "testandogithub\testandogithub.csproj", "{42E0ED18-AAC7-40D6-8407-0152AA4068EE}"
EndProject
Global
	GlobalSection(SolutionConfigurationPlatforms) = preSolution
		Debug|Any CPU = Debug|Any CPU
		Release|Any CPU = Release|Any CPU
	EndGlobalSection
	GlobalSection(ProjectConfigurationPlatforms) = postSolution
		{42E0ED18-AAC7-40D6-8407-0152AA4068EE}.Debug|Any CPU.ActiveCfg = Debug|Any CPU
		{42E0ED18-AAC7-40D6-8407-0152AA4068EE}.Debug|Any CPU.Build.0 = Debug|Any CPU
		{42E0ED18-AAC7-40D6-8407-0152AA4068EE}.Release|Any CPU.ActiveCfg = Release|Any CPU
		{42E0ED18-AAC7-40D6-8407-0152AA4068EE}.Release|Any CPU.Build.0 = Release|Any CPU
	EndGlobalSection
	GlobalSection(SolutionProperties) = preSolution
		HideSolutionNode = FALSE
	EndGlobalSection
	GlobalSection(ExtensibilityGlobals) = postSolution
		SolutionGuid = {0197D75A-BD4B-4FC0-9BF2-7C259B9326B5}
	EndGlobalSection
EndGlobal
